# This file is autogenerated, do not edit; changes may be undone by the next 'dep ensure'.


[[projects]]
  name = "github.com/facebookgo/errgroup"
  packages = ["."]
  revision = "46ea9736c913dd08039fecd085b9622a499aa0ad"

[[projects]]
  branch = "master"
  name = "github.com/golang/protobuf"
  packages = ["proto"]
  revision = "1643683e1b54a9e88ad26d98f81400c8c9d9f4f9"

[[projects]]
  name = "github.com/stretchr/testify"
  packages = ["assert"]
  revision = "2eaa4b48b8954bf871229043b8064ca156a542a5"

[[projects]]
  name = "golang.org/x/net"
  packages = ["context"]
  revision = "f1d3149ecb40ffadf4a28d39a30f9a125fe57bdf"

[[projects]]
  name = "golang.org/x/oauth2"
  packages = [".","internal"]
  revision = "045497edb6234273d67dbc25da3f2ddbc4c4cacf"

[[projects]]
  name = "google.golang.org/appengine"
  packages = ["internal","internal/base","internal/datastore","internal/log","internal/remote_api","internal/urlfetch","urlfetch"]
  revision = "150dc57a1b433e64154302bdc40b6bb8aefa313a"
  version = "v1.0.0"

[[projects]]
  name = "gopkg.in/Clever/clever-go.v1"
  packages = ["."]
  revision = "f1e343c2a1606e04356756245ab50c02d776f359"
  version = "v1.4.0"

[[projects]]
  name = "gopkg.in/Clever/optimus.v3"
  packages = [".","sinks/csv","sinks/json","transformer","transforms"]
  revision = "28173851fb524967c8a6013379f69b7a0a01b361"
  version = "v3.6.2"

[[projects]]
  branch = "v0.1.1"
  name = "gopkg.in/fatih/set.v0"
  packages = ["."]
  revision = "27c40922c40b43fe04554d8223a402af3ea333f3"

[solve-meta]
  analyzer-name = "dep"
  analyzer-version = 1
  inputs-digest = "e8529b39ebf16c61b3942dc2cc095922d92096f5db341e55d7f1db22875a4a44"
  solver-name = "gps-cdcl"
  solver-version = 1
